
Microsoft Visual Studio Solution File, Format Version 12.00
# Visual Studio 2013
VisualStudioVersion = 12.0.21005.1
MinimumVisualStudioVersion = 10.0.40219.1
Project("{8BC9CEB8-8B4A-11D0-8D11-00A0C91BC942}") = "FileStorage", "FileStorage\FileStorage.vcxproj", "{3E8E9D7F-4855-4285-A54C-7033BE7866D2}"
EndProject
Project("{8BC9CEB8-8B4A-11D0-8D11-00A0C91BC942}") = "FileMgr", "FileMgr\FileMgr.vcxproj", "{D5D79CB2-0FFB-4F21-BFDC-4B80034264FE}"
EndProject
Project("{8BC9CEB8-8B4A-11D0-8D11-00A0C91BC942}") = "Executive", "Executive\Executive.vcxproj", "{377771D9-BFC2-46E0-98A6-E0A6B98048AC}"
EndProject
Project("{8BC9CEB8-8B4A-11D0-8D11-00A0C91BC942}") = "Display", "Display\Display.vcxproj", "{AD4BF8F2-2004-424F-BD28-2F0D52DD229F}"
EndProject
Project("{8BC9CEB8-8B4A-11D0-8D11-00A0C91BC942}") = "CmdlineParser", "CmdlineParser\CmdlineParser.vcxproj", "{9780B5AE-9858-4EFF-89A6-717B1AB3F3E5}"
EndProject
Project("{8BC9CEB8-8B4A-11D0-8D11-00A0C91BC942}") = "Catalog", "Catalog\Catalog.vcxproj", "{F315B8C2-AF94-43AB-BF6C-5C11C658AC5A}"
EndProject
Global
	GlobalSection(SolutionConfigurationPlatforms) = preSolution
		Debug|Win32 = Debug|Win32
		Release|Win32 = Release|Win32
	EndGlobalSection
	GlobalSection(ProjectConfigurationPlatforms) = postSolution
		{3E8E9D7F-4855-4285-A54C-7033BE7866D2}.Debug|Win32.ActiveCfg = Debug|Win32
		{3E8E9D7F-4855-4285-A54C-7033BE7866D2}.Debug|Win32.Build.0 = Debug|Win32
		{3E8E9D7F-4855-4285-A54C-7033BE7866D2}.Release|Win32.ActiveCfg = Release|Win32
		{3E8E9D7F-4855-4285-A54C-7033BE7866D2}.Release|Win32.Build.0 = Release|Win32
		{D5D79CB2-0FFB-4F21-BFDC-4B80034264FE}.Debug|Win32.ActiveCfg = Debug|Win32
		{D5D79CB2-0FFB-4F21-BFDC-4B80034264FE}.Debug|Win32.Build.0 = Debug|Win32
		{D5D79CB2-0FFB-4F21-BFDC-4B80034264FE}.Release|Win32.ActiveCfg = Release|Win32
		{D5D79CB2-0FFB-4F21-BFDC-4B80034264FE}.Release|Win32.Build.0 = Release|Win32
		{377771D9-BFC2-46E0-98A6-E0A6B98048AC}.Debug|Win32.ActiveCfg = Debug|Win32
		{377771D9-BFC2-46E0-98A6-E0A6B98048AC}.Debug|Win32.Build.0 = Debug|Win32
		{377771D9-BFC2-46E0-98A6-E0A6B98048AC}.Release|Win32.ActiveCfg = Release|Win32
		{377771D9-BFC2-46E0-98A6-E0A6B98048AC}.Release|Win32.Build.0 = Release|Win32
		{AD4BF8F2-2004-424F-BD28-2F0D52DD229F}.Debug|Win32.ActiveCfg = Debug|Win32
		{AD4BF8F2-2004-424F-BD28-2F0D52DD229F}.Debug|Win32.Build.0 = Debug|Win32
		{AD4BF8F2-2004-424F-BD28-2F0D52DD229F}.Release|Win32.ActiveCfg = Release|Win32
		{AD4BF8F2-2004-424F-BD28-2F0D52DD229F}.Release|Win32.Build.0 = Release|Win32
		{9780B5AE-9858-4EFF-89A6-717B1AB3F3E5}.Debug|Win32.ActiveCfg = Debug|Win32
		{9780B5AE-9858-4EFF-89A6-717B1AB3F3E5}.Debug|Win32.Build.0 = Debug|Win32
		{9780B5AE-9858-4EFF-89A6-717B1AB3F3E5}.Release|Win32.ActiveCfg = Release|Win32
		{9780B5AE-9858-4EFF-89A6-717B1AB3F3E5}.Release|Win32.Build.0 = Release|Win32
		{F315B8C2-AF94-43AB-BF6C-5C11C658AC5A}.Debug|Win32.ActiveCfg = Debug|Win32
		{F315B8C2-AF94-43AB-BF6C-5C11C658AC5A}.Debug|Win32.Build.0 = Debug|Win32
		{F315B8C2-AF94-43AB-BF6C-5C11C658AC5A}.Release|Win32.ActiveCfg = Release|Win32
		{F315B8C2-AF94-43AB-BF6C-5C11C658AC5A}.Release|Win32.Build.0 = Release|Win32
	EndGlobalSection
	GlobalSection(SolutionProperties) = preSolution
		HideSolutionNode = FALSE
	EndGlobalSection
EndGlobal
